
Microsoft Visual Studio Solution File, Format Version 12.00
# Visual Studio Version 17
VisualStudioVersion = 17.8.34330.188
MinimumVisualStudioVersion = 10.0.40219.1
Project("{8BC9CEB8-8B4A-11D0-8D11-00A0C91BC942}") = "дз2", "дз2\дз2.vcxproj", "{81B72FDC-6D11-4477-94AA-BBF114083C98}"
EndProject
Global
	GlobalSection(SolutionConfigurationPlatforms) = preSolution
		Debug|x64 = Debug|x64
		Debug|x86 = Debug|x86
		Release|x64 = Release|x64
		Release|x86 = Release|x86
	EndGlobalSection
	GlobalSection(ProjectConfigurationPlatforms) = postSolution
		{81B72FDC-6D11-4477-94AA-BBF114083C98}.Debug|x64.ActiveCfg = Debug|x64
		{81B72FDC-6D11-4477-94AA-BBF114083C98}.Debug|x64.Build.0 = Debug|x64
		{81B72FDC-6D11-4477-94AA-BBF114083C98}.Debug|x86.ActiveCfg = Debug|Win32
		{81B72FDC-6D11-4477-94AA-BBF114083C98}.Debug|x86.Build.0 = Debug|Win32
		{81B72FDC-6D11-4477-94AA-BBF114083C98}.Release|x64.ActiveCfg = Release|x64
		{81B72FDC-6D11-4477-94AA-BBF114083C98}.Release|x64.Build.0 = Release|x64
		{81B72FDC-6D11-4477-94AA-BBF114083C98}.Release|x86.ActiveCfg = Release|Win32
		{81B72FDC-6D11-4477-94AA-BBF114083C98}.Release|x86.Build.0 = Release|Win32
	EndGlobalSection
	GlobalSection(SolutionProperties) = preSolution
		HideSolutionNode = FALSE
	EndGlobalSection
	GlobalSection(ExtensibilityGlobals) = postSolution
		SolutionGuid = {FA0AC69F-3FE3-422B-B3A1-2D9763C867CC}
	EndGlobalSection
EndGlobal
